
Microsoft Visual Studio Solution File, Format Version 12.00
# Visual Studio Version 16
VisualStudioVersion = 16.0.810.7
MinimumVisualStudioVersion = 10.0.40219.1
Project("{FAE04EC0-301F-11D3-BF4B-00C04F79EFBC}") = "PersonList", "PersonList.csproj", "{79DED96C-6BE3-4B8D-98BA-4738F775575A}"
EndProject
Global
	GlobalSection(SolutionConfigurationPlatforms) = preSolution
		Debug|Any CPU = Debug|Any CPU
		Release|Any CPU = Release|Any CPU
	EndGlobalSection
	GlobalSection(ProjectConfigurationPlatforms) = postSolution
		{79DED96C-6BE3-4B8D-98BA-4738F775575A}.Debug|Any CPU.ActiveCfg = Debug|Any CPU
		{79DED96C-6BE3-4B8D-98BA-4738F775575A}.Debug|Any CPU.Build.0 = Debug|Any CPU
		{79DED96C-6BE3-4B8D-98BA-4738F775575A}.Release|Any CPU.ActiveCfg = Release|Any CPU
		{79DED96C-6BE3-4B8D-98BA-4738F775575A}.Release|Any CPU.Build.0 = Release|Any CPU
	EndGlobalSection
	GlobalSection(SolutionProperties) = preSolution
		HideSolutionNode = FALSE
	EndGlobalSection
	GlobalSection(ExtensibilityGlobals) = postSolution
		SolutionGuid = {956B0612-2D9C-4A1C-8EAC-55C6C6C5B1CE}
	EndGlobalSection
EndGlobal
